
Microsoft Visual Studio Solution File, Format Version 12.00
# Visual Studio Version 17
VisualStudioVersion = 17.12.35527.113
MinimumVisualStudioVersion = 10.0.40219.1
Project("{FAE04EC0-301F-11D3-BF4B-00C04F79EFBC}") = "Backend", "Backend\Backend.csproj", "{7C59A824-B2E8-4E0E-9F3A-4A7F00852DD7}"
EndProject
Project("{FAE04EC0-301F-11D3-BF4B-00C04F79EFBC}") = "Frontend", "Frontend\Frontend.csproj", "{C9A8F650-5758-4B2F-AFF5-B20787A29568}"
EndProject
Project("{FAE04EC0-301F-11D3-BF4B-00C04F79EFBC}") = "Domain", "Domain\Domain.csproj", "{6BB87D54-BFEC-410D-BF91-6E313BBFCA1B}"
EndProject
Project("{FAE04EC0-301F-11D3-BF4B-00C04F79EFBC}") = "Application", "Application\Application.csproj", "{2CC472FE-767C-4914-91E9-5227F80B80C7}"
EndProject
Project("{FAE04EC0-301F-11D3-BF4B-00C04F79EFBC}") = "Shared", "Shared\Shared.csproj", "{E3B73748-F810-497A-9189-45420242E015}"
EndProject
Project("{FAE04EC0-301F-11D3-BF4B-00C04F79EFBC}") = "Infrastructure", "Infrastructure\Infrastructure.csproj", "{5872AEB3-BAA3-FE31-B0EB-0FB6DBEDCF83}"
EndProject
Global
	GlobalSection(SolutionConfigurationPlatforms) = preSolution
		Debug|Any CPU = Debug|Any CPU
		Release|Any CPU = Release|Any CPU
	EndGlobalSection
	GlobalSection(ProjectConfigurationPlatforms) = postSolution
		{7C59A824-B2E8-4E0E-9F3A-4A7F00852DD7}.Debug|Any CPU.ActiveCfg = Debug|Any CPU
		{7C59A824-B2E8-4E0E-9F3A-4A7F00852DD7}.Debug|Any CPU.Build.0 = Debug|Any CPU
		{7C59A824-B2E8-4E0E-9F3A-4A7F00852DD7}.Release|Any CPU.ActiveCfg = Release|Any CPU
		{7C59A824-B2E8-4E0E-9F3A-4A7F00852DD7}.Release|Any CPU.Build.0 = Release|Any CPU
		{C9A8F650-5758-4B2F-AFF5-B20787A29568}.Debug|Any CPU.ActiveCfg = Debug|Any CPU
		{C9A8F650-5758-4B2F-AFF5-B20787A29568}.Debug|Any CPU.Build.0 = Debug|Any CPU
		{C9A8F650-5758-4B2F-AFF5-B20787A29568}.Release|Any CPU.ActiveCfg = Release|Any CPU
		{C9A8F650-5758-4B2F-AFF5-B20787A29568}.Release|Any CPU.Build.0 = Release|Any CPU
		{6BB87D54-BFEC-410D-BF91-6E313BBFCA1B}.Debug|Any CPU.ActiveCfg = Debug|Any CPU
		{6BB87D54-BFEC-410D-BF91-6E313BBFCA1B}.Debug|Any CPU.Build.0 = Debug|Any CPU
		{6BB87D54-BFEC-410D-BF91-6E313BBFCA1B}.Release|Any CPU.ActiveCfg = Release|Any CPU
		{6BB87D54-BFEC-410D-BF91-6E313BBFCA1B}.Release|Any CPU.Build.0 = Release|Any CPU
		{2CC472FE-767C-4914-91E9-5227F80B80C7}.Debug|Any CPU.ActiveCfg = Debug|Any CPU
		{2CC472FE-767C-4914-91E9-5227F80B80C7}.Debug|Any CPU.Build.0 = Debug|Any CPU
		{2CC472FE-767C-4914-91E9-5227F80B80C7}.Release|Any CPU.ActiveCfg = Release|Any CPU
		{2CC472FE-767C-4914-91E9-5227F80B80C7}.Release|Any CPU.Build.0 = Release|Any CPU
		{E3B73748-F810-497A-9189-45420242E015}.Debug|Any CPU.ActiveCfg = Debug|Any CPU
		{E3B73748-F810-497A-9189-45420242E015}.Debug|Any CPU.Build.0 = Debug|Any CPU
		{E3B73748-F810-497A-9189-45420242E015}.Release|Any CPU.ActiveCfg = Release|Any CPU
		{E3B73748-F810-497A-9189-45420242E015}.Release|Any CPU.Build.0 = Release|Any CPU
		{5872AEB3-BAA3-FE31-B0EB-0FB6DBEDCF83}.Debug|Any CPU.ActiveCfg = Debug|Any CPU
		{5872AEB3-BAA3-FE31-B0EB-0FB6DBEDCF83}.Debug|Any CPU.Build.0 = Debug|Any CPU
		{5872AEB3-BAA3-FE31-B0EB-0FB6DBEDCF83}.Release|Any CPU.ActiveCfg = Release|Any CPU
		{5872AEB3-BAA3-FE31-B0EB-0FB6DBEDCF83}.Release|Any CPU.Build.0 = Release|Any CPU
	EndGlobalSection
	GlobalSection(SolutionProperties) = preSolution
		HideSolutionNode = FALSE
	EndGlobalSection
	GlobalSection(ExtensibilityGlobals) = postSolution
		SolutionGuid = {C5F47A0C-F93E-409D-8D8C-315DFA50077E}
	EndGlobalSection
EndGlobal
